
Microsoft Visual Studio Solution File, Format Version 12.00
# Visual Studio Version 16
VisualStudioVersion = 16.0.31605.320
MinimumVisualStudioVersion = 10.0.40219.1
Project("{9A19103F-16F7-4668-BE54-9A1E7A4F7556}") = "NCIPortal", "NCIPortal.csproj", "{91AB2EB1-832E-42DC-9B98-7AAF38E38386}"
EndProject
Project("{9A19103F-16F7-4668-BE54-9A1E7A4F7556}") = "NCIPortalDataAccess", "..\NCIPortalDataAccess\NCIPortalDataAccess.csproj", "{BFEECC03-40F7-456C-B7EE-747525854177}"
EndProject
Project("{9A19103F-16F7-4668-BE54-9A1E7A4F7556}") = "NCIPortalV1", "..\NCIPortalV1\NCIPortalV1.csproj", "{5400423D-30C5-453D-8D62-E0888F6CB68F}"
EndProject
Global
	GlobalSection(SolutionConfigurationPlatforms) = preSolution
		Debug|Any CPU = Debug|Any CPU
		Release|Any CPU = Release|Any CPU
	EndGlobalSection
	GlobalSection(ProjectConfigurationPlatforms) = postSolution
		{91AB2EB1-832E-42DC-9B98-7AAF38E38386}.Debug|Any CPU.ActiveCfg = Debug|Any CPU
		{91AB2EB1-832E-42DC-9B98-7AAF38E38386}.Debug|Any CPU.Build.0 = Debug|Any CPU
		{91AB2EB1-832E-42DC-9B98-7AAF38E38386}.Release|Any CPU.ActiveCfg = Release|Any CPU
		{91AB2EB1-832E-42DC-9B98-7AAF38E38386}.Release|Any CPU.Build.0 = Release|Any CPU
		{BFEECC03-40F7-456C-B7EE-747525854177}.Debug|Any CPU.ActiveCfg = Debug|Any CPU
		{BFEECC03-40F7-456C-B7EE-747525854177}.Debug|Any CPU.Build.0 = Debug|Any CPU
		{BFEECC03-40F7-456C-B7EE-747525854177}.Release|Any CPU.ActiveCfg = Release|Any CPU
		{BFEECC03-40F7-456C-B7EE-747525854177}.Release|Any CPU.Build.0 = Release|Any CPU
		{5400423D-30C5-453D-8D62-E0888F6CB68F}.Debug|Any CPU.ActiveCfg = Debug|Any CPU
		{5400423D-30C5-453D-8D62-E0888F6CB68F}.Debug|Any CPU.Build.0 = Debug|Any CPU
		{5400423D-30C5-453D-8D62-E0888F6CB68F}.Release|Any CPU.ActiveCfg = Release|Any CPU
		{5400423D-30C5-453D-8D62-E0888F6CB68F}.Release|Any CPU.Build.0 = Release|Any CPU
	EndGlobalSection
	GlobalSection(SolutionProperties) = preSolution
		HideSolutionNode = FALSE
	EndGlobalSection
	GlobalSection(ExtensibilityGlobals) = postSolution
		SolutionGuid = {A0617EB8-75C8-4E75-8D5C-C9AA425875AC}
	EndGlobalSection
EndGlobal
